
Microsoft Visual Studio Solution File, Format Version 12.00
# Visual Studio Version 17
VisualStudioVersion = 17.14.36301.6
MinimumVisualStudioVersion = 10.0.40219.1
Project("{FAE04EC0-301F-11D3-BF4B-00C04F79EFBC}") = "Task1", "Task 1\Task1.csproj", "{3B1116B1-9C37-E280-E7A2-FA33BC5D8AE1}"
EndProject
Project("{FAE04EC0-301F-11D3-BF4B-00C04F79EFBC}") = "Task2", "Task 2\Task2.csproj", "{9B33F553-D942-AB69-8325-3CAF91B88BA0}"
EndProject
Project("{FAE04EC0-301F-11D3-BF4B-00C04F79EFBC}") = "Task3", "Task 3\Task3.csproj", "{462199C1-0C65-779C-E01D-6D8863CEEBB6}"
EndProject
Global
	GlobalSection(SolutionConfigurationPlatforms) = preSolution
		Debug|Any CPU = Debug|Any CPU
		Release|Any CPU = Release|Any CPU
	EndGlobalSection
	GlobalSection(ProjectConfigurationPlatforms) = postSolution
		{3B1116B1-9C37-E280-E7A2-FA33BC5D8AE1}.Debug|Any CPU.ActiveCfg = Debug|Any CPU
		{3B1116B1-9C37-E280-E7A2-FA33BC5D8AE1}.Debug|Any CPU.Build.0 = Debug|Any CPU
		{3B1116B1-9C37-E280-E7A2-FA33BC5D8AE1}.Release|Any CPU.ActiveCfg = Release|Any CPU
		{3B1116B1-9C37-E280-E7A2-FA33BC5D8AE1}.Release|Any CPU.Build.0 = Release|Any CPU
		{9B33F553-D942-AB69-8325-3CAF91B88BA0}.Debug|Any CPU.ActiveCfg = Debug|Any CPU
		{9B33F553-D942-AB69-8325-3CAF91B88BA0}.Debug|Any CPU.Build.0 = Debug|Any CPU
		{9B33F553-D942-AB69-8325-3CAF91B88BA0}.Release|Any CPU.ActiveCfg = Release|Any CPU
		{9B33F553-D942-AB69-8325-3CAF91B88BA0}.Release|Any CPU.Build.0 = Release|Any CPU
		{462199C1-0C65-779C-E01D-6D8863CEEBB6}.Debug|Any CPU.ActiveCfg = Debug|Any CPU
		{462199C1-0C65-779C-E01D-6D8863CEEBB6}.Debug|Any CPU.Build.0 = Debug|Any CPU
		{462199C1-0C65-779C-E01D-6D8863CEEBB6}.Release|Any CPU.ActiveCfg = Release|Any CPU
		{462199C1-0C65-779C-E01D-6D8863CEEBB6}.Release|Any CPU.Build.0 = Release|Any CPU
	EndGlobalSection
	GlobalSection(SolutionProperties) = preSolution
		HideSolutionNode = FALSE
	EndGlobalSection
	GlobalSection(ExtensibilityGlobals) = postSolution
		SolutionGuid = {C72A072B-F763-489A-99DC-47CA7A606029}
	EndGlobalSection
EndGlobal
